
Microsoft Visual Studio Solution File, Format Version 12.00
# Visual Studio Version 16
VisualStudioVersion = 16.0.30114.105
MinimumVisualStudioVersion = 10.0.40219.1
Project("{CC5FD16D-436D-48AD-A40C-5A424C6E3E79}") = "MukiibiFamily", "MukiibiFamily\MukiibiFamily.ccproj", "{2A54B3E8-E1A8-4770-886E-EEF75F5D8AD3}"
EndProject
Project("{FAE04EC0-301F-11D3-BF4B-00C04F79EFBC}") = "Frontend", "Frontend\Frontend.csproj", "{82CCF824-DD55-415F-AE08-55F45280E7E1}"
EndProject
Global
	GlobalSection(SolutionConfigurationPlatforms) = preSolution
		Debug|Any CPU = Debug|Any CPU
		Release|Any CPU = Release|Any CPU
	EndGlobalSection
	GlobalSection(ProjectConfigurationPlatforms) = postSolution
		{2A54B3E8-E1A8-4770-886E-EEF75F5D8AD3}.Debug|Any CPU.ActiveCfg = Debug|Any CPU
		{2A54B3E8-E1A8-4770-886E-EEF75F5D8AD3}.Debug|Any CPU.Build.0 = Debug|Any CPU
		{2A54B3E8-E1A8-4770-886E-EEF75F5D8AD3}.Release|Any CPU.ActiveCfg = Release|Any CPU
		{2A54B3E8-E1A8-4770-886E-EEF75F5D8AD3}.Release|Any CPU.Build.0 = Release|Any CPU
		{82CCF824-DD55-415F-AE08-55F45280E7E1}.Debug|Any CPU.ActiveCfg = Debug|Any CPU
		{82CCF824-DD55-415F-AE08-55F45280E7E1}.Debug|Any CPU.Build.0 = Debug|Any CPU
		{82CCF824-DD55-415F-AE08-55F45280E7E1}.Release|Any CPU.ActiveCfg = Release|Any CPU
		{82CCF824-DD55-415F-AE08-55F45280E7E1}.Release|Any CPU.Build.0 = Release|Any CPU
	EndGlobalSection
	GlobalSection(SolutionProperties) = preSolution
		HideSolutionNode = FALSE
	EndGlobalSection
	GlobalSection(ExtensibilityGlobals) = postSolution
		SolutionGuid = {9228C6AE-E756-4BA3-802A-913ACF527678}
	EndGlobalSection
EndGlobal
